
Microsoft Visual Studio Solution File, Format Version 12.00
# Visual Studio 15
VisualStudioVersion = 15.0.26730.10
MinimumVisualStudioVersion = 10.0.40219.1
Project("{FAE04EC0-301F-11D3-BF4B-00C04F79EFBC}") = "Exe19PraPOO", "Exe19PraPOO\Exe19PraPOO.csproj", "{E0F49203-4BC4-4A42-8E30-A2F9D2873566}"
EndProject
Global
	GlobalSection(SolutionConfigurationPlatforms) = preSolution
		Debug|Any CPU = Debug|Any CPU
		Release|Any CPU = Release|Any CPU
	EndGlobalSection
	GlobalSection(ProjectConfigurationPlatforms) = postSolution
		{E0F49203-4BC4-4A42-8E30-A2F9D2873566}.Debug|Any CPU.ActiveCfg = Debug|Any CPU
		{E0F49203-4BC4-4A42-8E30-A2F9D2873566}.Debug|Any CPU.Build.0 = Debug|Any CPU
		{E0F49203-4BC4-4A42-8E30-A2F9D2873566}.Release|Any CPU.ActiveCfg = Release|Any CPU
		{E0F49203-4BC4-4A42-8E30-A2F9D2873566}.Release|Any CPU.Build.0 = Release|Any CPU
	EndGlobalSection
	GlobalSection(SolutionProperties) = preSolution
		HideSolutionNode = FALSE
	EndGlobalSection
	GlobalSection(ExtensibilityGlobals) = postSolution
		SolutionGuid = {C579D257-F1B3-4245-9281-8A318DF5F087}
	EndGlobalSection
EndGlobal
